// !$*UTF8*$!
{
	archiveVersion = 1;
	classes = {
	};
	objectVersion = 46;
	objects = {

/* Begin PBXBuildFile section */
		1C4C6BDF406328825C74D79F /* Pods.framework in Frameworks */ = {isa = PBXBuildFile; fileRef = 0331B6EE5A568BDE35A2BB5D /* Pods.framework */; settings = {ATTRIBUTES = (Weak, ); }; };
		CE00E5621AB068D90005B4E5 /* BeaconManager.swift in Sources */ = {isa = PBXBuildFile; fileRef = CE00E5611AB068D90005B4E5 /* BeaconManager.swift */; };
		CE00E5641AB06B930005B4E5 /* RestaurantShortcutBarButtonItem.swift in Sources */ = {isa = PBXBuildFile; fileRef = CE00E5631AB06B930005B4E5 /* RestaurantShortcutBarButtonItem.swift */; };
		CE10C67F1A885CCC007CCA40 /* CartBarButtonItem.swift in Sources */ = {isa = PBXBuildFile; fileRef = CE10C67E1A885CCC007CCA40 /* CartBarButtonItem.swift */; };
		CE158C431A8281AB00D73743 /* MenuCollectionViewCell.swift in Sources */ = {isa = PBXBuildFile; fileRef = CE158C421A8281AB00D73743 /* MenuCollectionViewCell.swift */; };
		CE17DFDF1A7A013A0066A5BA /* RestaurantTableViewController.swift in Sources */ = {isa = PBXBuildFile; fileRef = CE17DFDE1A7A013A0066A5BA /* RestaurantTableViewController.swift */; };
		CE17DFE21A7A0A140066A5BA /* toofast.jpg in Resources */ = {isa = PBXBuildFile; fileRef = CE17DFE11A7A0A140066A5BA /* toofast.jpg */; };
		CE27DCFC1A64108C006CFDC9 /* AppDelegate.swift in Sources */ = {isa = PBXBuildFile; fileRef = CE27DCFB1A64108C006CFDC9 /* AppDelegate.swift */; };
		CE27DCFE1A64108C006CFDC9 /* ViewController.swift in Sources */ = {isa = PBXBuildFile; fileRef = CE27DCFD1A64108C006CFDC9 /* ViewController.swift */; };
		CE27DD011A64108C006CFDC9 /* Main.storyboard in Resources */ = {isa = PBXBuildFile; fileRef = CE27DCFF1A64108C006CFDC9 /* Main.storyboard */; };
		CE27DD031A64108C006CFDC9 /* Images.xcassets in Resources */ = {isa = PBXBuildFile; fileRef = CE27DD021A64108C006CFDC9 /* Images.xcassets */; };
		CE27DD061A64108C006CFDC9 /* LaunchScreen.xib in Resources */ = {isa = PBXBuildFile; fileRef = CE27DD041A64108C006CFDC9 /* LaunchScreen.xib */; };
		CE27DD121A64108C006CFDC9 /* BoiiTests.swift in Sources */ = {isa = PBXBuildFile; fileRef = CE27DD111A64108C006CFDC9 /* BoiiTests.swift */; };
		CE430EEB1A8B08FC00B5C7FC /* LoginViewController.swift in Sources */ = {isa = PBXBuildFile; fileRef = CE430EEA1A8B08FC00B5C7FC /* LoginViewController.swift */; };
		CE430EED1A8B094400B5C7FC /* RegisterViewController.swift in Sources */ = {isa = PBXBuildFile; fileRef = CE430EEC1A8B094400B5C7FC /* RegisterViewController.swift */; };
		CE430EEF1A8B0BFE00B5C7FC /* LoginStoryboard.storyboard in Resources */ = {isa = PBXBuildFile; fileRef = CE430EEE1A8B0BFE00B5C7FC /* LoginStoryboard.storyboard */; };
		CE430EF11A8B0F1600B5C7FC /* UIView+IBCornerRadius.swift in Sources */ = {isa = PBXBuildFile; fileRef = CE430EF01A8B0F1600B5C7FC /* UIView+IBCornerRadius.swift */; };
		CE430EF41A8BAAE800B5C7FC /* CartViewController.swift in Sources */ = {isa = PBXBuildFile; fileRef = CE430EF21A8BAAE800B5C7FC /* CartViewController.swift */; };
		CE430EF71A8BAB5600B5C7FC /* CartStoryboard.storyboard in Resources */ = {isa = PBXBuildFile; fileRef = CE430EF61A8BAB5600B5C7FC /* CartStoryboard.storyboard */; };
		CE430EF91A8C591100B5C7FC /* x-button.png in Resources */ = {isa = PBXBuildFile; fileRef = CE430EF81A8C591100B5C7FC /* x-button.png */; };
		CE430EFB1A8CA10900B5C7FC /* OrderReadyNotificationView.xib in Resources */ = {isa = PBXBuildFile; fileRef = CE430EFA1A8CA10900B5C7FC /* OrderReadyNotificationView.xib */; };
		CE4441F61AB986D50045C99A /* LogoutBarButtonItem.swift in Sources */ = {isa = PBXBuildFile; fileRef = CE4441F51AB986D50045C99A /* LogoutBarButtonItem.swift */; };
		CE455CEC1A9DC2FB007B8B96 /* myLib.swift in Sources */ = {isa = PBXBuildFile; fileRef = CE455CEB1A9DC2FB007B8B96 /* myLib.swift */; };
		CE4A7BB81A91EB0400400F83 /* MenuDetailView.xib in Resources */ = {isa = PBXBuildFile; fileRef = CE4A7BB71A91EB0400400F83 /* MenuDetailView.xib */; };
		CE4A7BBA1A91F57B00400F83 /* UIImage+Crop.swift in Sources */ = {isa = PBXBuildFile; fileRef = CE4A7BB91A91F57B00400F83 /* UIImage+Crop.swift */; };
		CE4A7BC01A9208DF00400F83 /* boii-food-icon@2x.png in Resources */ = {isa = PBXBuildFile; fileRef = CE4A7BBF1A9208DF00400F83 /* boii-food-icon@2x.png */; };
		CE4A7BC21A92094900400F83 /* boii-drinks-icon@2x.png in Resources */ = {isa = PBXBuildFile; fileRef = CE4A7BC11A92094900400F83 /* boii-drinks-icon@2x.png */; };
		CE4A7BC61A9238E900400F83 /* ShoppingCartStore.swift in Sources */ = {isa = PBXBuildFile; fileRef = CE4A7BC51A9238E900400F83 /* ShoppingCartStore.swift */; };
		CE5EB77C1A9B0A44009DB456 /* AccountManager.swift in Sources */ = {isa = PBXBuildFile; fileRef = CE5EB77B1A9B0A44009DB456 /* AccountManager.swift */; };
		CE6158A41A876A440038DB98 /* KLCPopup.m in Sources */ = {isa = PBXBuildFile; fileRef = CE6158A31A876A440038DB98 /* KLCPopup.m */; };
		CE6158A51A876A880038DB98 /* BoiiPrefixHeader.pch in Sources */ = {isa = PBXBuildFile; fileRef = CE6158A01A8769D90038DB98 /* BoiiPrefixHeader.pch */; };
		CE75AB331AB8959200599179 /* You-Still-Drink-Soda@3x.jpg in Resources */ = {isa = PBXBuildFile; fileRef = CE75AB321AB8959200599179 /* You-Still-Drink-Soda@3x.jpg */; };
		CE75AB391AB93EE200599179 /* LICENSE in Resources */ = {isa = PBXBuildFile; fileRef = CE75AB351AB93EE200599179 /* LICENSE */; };
		CE75AB3A1AB93EE200599179 /* MBProgressHUD.m in Sources */ = {isa = PBXBuildFile; fileRef = CE75AB371AB93EE200599179 /* MBProgressHUD.m */; };
		CE75AB3B1AB93EE200599179 /* README.mdown in Sources */ = {isa = PBXBuildFile; fileRef = CE75AB381AB93EE200599179 /* README.mdown */; };
		CE782E5E1A923CA4000B3E15 /* Restaurant.swift in Sources */ = {isa = PBXBuildFile; fileRef = CE782E5D1A923CA4000B3E15 /* Restaurant.swift */; };
		CE782E601A95989A000B3E15 /* RestraurantStore.swift in Sources */ = {isa = PBXBuildFile; fileRef = CE782E5F1A95989A000B3E15 /* RestraurantStore.swift */; };
		CE784B591A680D09003A4815 /* MenuTableViewController.swift in Sources */ = {isa = PBXBuildFile; fileRef = CE784B581A680D09003A4815 /* MenuTableViewController.swift */; };
		CE784B5B1A680DF7003A4815 /* MenuStore.swift in Sources */ = {isa = PBXBuildFile; fileRef = CE784B5A1A680DF7003A4815 /* MenuStore.swift */; };
		CE784B5D1A680E02003A4815 /* MenuItem.swift in Sources */ = {isa = PBXBuildFile; fileRef = CE784B5C1A680E02003A4815 /* MenuItem.swift */; };
		CE784B5F1A681292003A4815 /* SwiftyJSON.swift in Sources */ = {isa = PBXBuildFile; fileRef = CE784B5E1A681292003A4815 /* SwiftyJSON.swift */; };
		CE907ADE1A81DE1100CAB9A5 /* toofast-375w@2x.jpg in Resources */ = {isa = PBXBuildFile; fileRef = CE907ADD1A81DE1100CAB9A5 /* toofast-375w@2x.jpg */; };
		CE907AE21A82569B00CAB9A5 /* DrinkCollectionViewController.swift in Sources */ = {isa = PBXBuildFile; fileRef = CE907AE11A82569B00CAB9A5 /* DrinkCollectionViewController.swift */; };
		CE907AE51A826CD400CAB9A5 /* starbuck_coffee@2x.jpg in Resources */ = {isa = PBXBuildFile; fileRef = CE907AE31A826CD400CAB9A5 /* starbuck_coffee@2x.jpg */; };
		CE907AE61A826CD400CAB9A5 /* starbuck_coffee@3x.jpg in Resources */ = {isa = PBXBuildFile; fileRef = CE907AE41A826CD400CAB9A5 /* starbuck_coffee@3x.jpg */; };
		CEE0D3681A9888E800CAA53D /* MenuTabBarController.swift in Sources */ = {isa = PBXBuildFile; fileRef = CEE0D3671A9888E800CAA53D /* MenuTabBarController.swift */; };
/* End PBXBuildFile section */

/* Begin PBXContainerItemProxy section */
		CE27DD0C1A64108C006CFDC9 /* PBXContainerItemProxy */ = {
			isa = PBXContainerItemProxy;
			containerPortal = CE27DCEE1A64108C006CFDC9 /* Project object */;
			proxyType = 1;
			remoteGlobalIDString = CE27DCF51A64108C006CFDC9;
			remoteInfo = Boii;
		};
/* End PBXContainerItemProxy section */

/* Begin PBXFileReference section */
		0331B6EE5A568BDE35A2BB5D /* Pods.framework */ = {isa = PBXFileReference; explicitFileType = wrapper.framework; includeInIndex = 0; path = Pods.framework; sourceTree = BUILT_PRODUCTS_DIR; };
		58086E8DCE6C4E9C8B573F92 /* Pods.debug.xcconfig */ = {isa = PBXFileReference; includeInIndex = 1; lastKnownFileType = text.xcconfig; name = Pods.debug.xcconfig; path = "Pods/Target Support Files/Pods/Pods.debug.xcconfig"; sourceTree = "<group>"; };
		CE00E5611AB068D90005B4E5 /* BeaconManager.swift */ = {isa = PBXFileReference; fileEncoding = 4; lastKnownFileType = sourcecode.swift; path = BeaconManager.swift; sourceTree = "<group>"; };
		CE00E5631AB06B930005B4E5 /* RestaurantShortcutBarButtonItem.swift */ = {isa = PBXFileReference; fileEncoding = 4; lastKnownFileType = sourcecode.swift; path = RestaurantShortcutBarButtonItem.swift; sourceTree = "<group>"; };
		CE10C67E1A885CCC007CCA40 /* CartBarButtonItem.swift */ = {isa = PBXFileReference; fileEncoding = 4; lastKnownFileType = sourcecode.swift; path = CartBarButtonItem.swift; sourceTree = "<group>"; };
		CE158C421A8281AB00D73743 /* MenuCollectionViewCell.swift */ = {isa = PBXFileReference; fileEncoding = 4; lastKnownFileType = sourcecode.swift; path = MenuCollectionViewCell.swift; sourceTree = "<group>"; };
		CE17DFDE1A7A013A0066A5BA /* RestaurantTableViewController.swift */ = {isa = PBXFileReference; fileEncoding = 4; lastKnownFileType = sourcecode.swift; path = RestaurantTableViewController.swift; sourceTree = "<group>"; };
		CE17DFE11A7A0A140066A5BA /* toofast.jpg */ = {isa = PBXFileReference; lastKnownFileType = image.jpeg; path = toofast.jpg; sourceTree = "<group>"; };
		CE27DCF61A64108C006CFDC9 /* Boii.app */ = {isa = PBXFileReference; explicitFileType = wrapper.application; includeInIndex = 0; path = Boii.app; sourceTree = BUILT_PRODUCTS_DIR; };
		CE27DCFA1A64108C006CFDC9 /* Info.plist */ = {isa = PBXFileReference; lastKnownFileType = text.plist.xml; path = Info.plist; sourceTree = "<group>"; };
		CE27DCFB1A64108C006CFDC9 /* AppDelegate.swift */ = {isa = PBXFileReference; lastKnownFileType = sourcecode.swift; path = AppDelegate.swift; sourceTree = "<group>"; };
		CE27DCFD1A64108C006CFDC9 /* ViewController.swift */ = {isa = PBXFileReference; lastKnownFileType = sourcecode.swift; path = ViewController.swift; sourceTree = "<group>"; };
		CE27DD001A64108C006CFDC9 /* Base */ = {isa = PBXFileReference; lastKnownFileType = file.storyboard; name = Base; path = Base.lproj/Main.storyboard; sourceTree = "<group>"; };
		CE27DD021A64108C006CFDC9 /* Images.xcassets */ = {isa = PBXFileReference; lastKnownFileType = folder.assetcatalog; path = Images.xcassets; sourceTree = "<group>"; };
		CE27DD051A64108C006CFDC9 /* Base */ = {isa = PBXFileReference; lastKnownFileType = file.xib; name = Base; path = Base.lproj/LaunchScreen.xib; sourceTree = "<group>"; };
		CE27DD0B1A64108C006CFDC9 /* BoiiTests.xctest */ = {isa = PBXFileReference; explicitFileType = wrapper.cfbundle; includeInIndex = 0; path = BoiiTests.xctest; sourceTree = BUILT_PRODUCTS_DIR; };
		CE27DD101A64108C006CFDC9 /* Info.plist */ = {isa = PBXFileReference; lastKnownFileType = text.plist.xml; path = Info.plist; sourceTree = "<group>"; };
		CE27DD111A64108C006CFDC9 /* BoiiTests.swift */ = {isa = PBXFileReference; lastKnownFileType = sourcecode.swift; path = BoiiTests.swift; sourceTree = "<group>"; };
		CE430EEA1A8B08FC00B5C7FC /* LoginViewController.swift */ = {isa = PBXFileReference; fileEncoding = 4; lastKnownFileType = sourcecode.swift; path = LoginViewController.swift; sourceTree = "<group>"; };
		CE430EEC1A8B094400B5C7FC /* RegisterViewController.swift */ = {isa = PBXFileReference; fileEncoding = 4; lastKnownFileType = sourcecode.swift; path = RegisterViewController.swift; sourceTree = "<group>"; };
		CE430EEE1A8B0BFE00B5C7FC /* LoginStoryboard.storyboard */ = {isa = PBXFileReference; fileEncoding = 4; lastKnownFileType = file.storyboard; path = LoginStoryboard.storyboard; sourceTree = "<group>"; };
		CE430EF01A8B0F1600B5C7FC /* UIView+IBCornerRadius.swift */ = {isa = PBXFileReference; fileEncoding = 4; lastKnownFileType = sourcecode.swift; path = "UIView+IBCornerRadius.swift"; sourceTree = "<group>"; };
		CE430EF21A8BAAE800B5C7FC /* CartViewController.swift */ = {isa = PBXFileReference; fileEncoding = 4; lastKnownFileType = sourcecode.swift; path = CartViewController.swift; sourceTree = "<group>"; };
		CE430EF61A8BAB5600B5C7FC /* CartStoryboard.storyboard */ = {isa = PBXFileReference; fileEncoding = 4; lastKnownFileType = file.storyboard; path = CartStoryboard.storyboard; sourceTree = "<group>"; };
		CE430EF81A8C591100B5C7FC /* x-button.png */ = {isa = PBXFileReference; lastKnownFileType = image.png; path = "x-button.png"; sourceTree = "<group>"; };
		CE430EFA1A8CA10900B5C7FC /* OrderReadyNotificationView.xib */ = {isa = PBXFileReference; fileEncoding = 4; lastKnownFileType = file.xib; path = OrderReadyNotificationView.xib; sourceTree = "<group>"; };
		CE4441F51AB986D50045C99A /* LogoutBarButtonItem.swift */ = {isa = PBXFileReference; fileEncoding = 4; lastKnownFileType = sourcecode.swift; path = LogoutBarButtonItem.swift; sourceTree = "<group>"; };
		CE455CEB1A9DC2FB007B8B96 /* myLib.swift */ = {isa = PBXFileReference; fileEncoding = 4; lastKnownFileType = sourcecode.swift; path = myLib.swift; sourceTree = "<group>"; };
		CE4A7BB71A91EB0400400F83 /* MenuDetailView.xib */ = {isa = PBXFileReference; fileEncoding = 4; lastKnownFileType = file.xib; path = MenuDetailView.xib; sourceTree = "<group>"; };
		CE4A7BB91A91F57B00400F83 /* UIImage+Crop.swift */ = {isa = PBXFileReference; fileEncoding = 4; lastKnownFileType = sourcecode.swift; path = "UIImage+Crop.swift"; sourceTree = "<group>"; };
		CE4A7BBF1A9208DF00400F83 /* boii-food-icon@2x.png */ = {isa = PBXFileReference; lastKnownFileType = image.png; path = "boii-food-icon@2x.png"; sourceTree = "<group>"; };
		CE4A7BC11A92094900400F83 /* boii-drinks-icon@2x.png */ = {isa = PBXFileReference; lastKnownFileType = image.png; path = "boii-drinks-icon@2x.png"; sourceTree = "<group>"; };
		CE4A7BC51A9238E900400F83 /* ShoppingCartStore.swift */ = {isa = PBXFileReference; fileEncoding = 4; lastKnownFileType = sourcecode.swift; path = ShoppingCartStore.swift; sourceTree = "<group>"; };
		CE5EB77B1A9B0A44009DB456 /* AccountManager.swift */ = {isa = PBXFileReference; fileEncoding = 4; lastKnownFileType = sourcecode.swift; path = AccountManager.swift; sourceTree = "<group>"; };
		CE61589F1A8768FE0038DB98 /* Boii-Bridging-Header.h */ = {isa = PBXFileReference; fileEncoding = 4; lastKnownFileType = sourcecode.c.h; path = "Boii-Bridging-Header.h"; sourceTree = "<group>"; };
		CE6158A01A8769D90038DB98 /* BoiiPrefixHeader.pch */ = {isa = PBXFileReference; lastKnownFileType = sourcecode.c.h; path = BoiiPrefixHeader.pch; sourceTree = "<group>"; };
		CE6158A21A876A440038DB98 /* KLCPopup.h */ = {isa = PBXFileReference; fileEncoding = 4; lastKnownFileType = sourcecode.c.h; path = KLCPopup.h; sourceTree = "<group>"; };
		CE6158A31A876A440038DB98 /* KLCPopup.m */ = {isa = PBXFileReference; fileEncoding = 4; lastKnownFileType = sourcecode.c.objc; path = KLCPopup.m; sourceTree = "<group>"; };
		CE75AB321AB8959200599179 /* You-Still-Drink-Soda@3x.jpg */ = {isa = PBXFileReference; lastKnownFileType = image.jpeg; path = "You-Still-Drink-Soda@3x.jpg"; sourceTree = "<group>"; };
		CE75AB351AB93EE200599179 /* LICENSE */ = {isa = PBXFileReference; fileEncoding = 4; lastKnownFileType = text; path = LICENSE; sourceTree = "<group>"; };
		CE75AB361AB93EE200599179 /* MBProgressHUD.h */ = {isa = PBXFileReference; fileEncoding = 4; lastKnownFileType = sourcecode.c.h; path = MBProgressHUD.h; sourceTree = "<group>"; };
		CE75AB371AB93EE200599179 /* MBProgressHUD.m */ = {isa = PBXFileReference; fileEncoding = 4; lastKnownFileType = sourcecode.c.objc; path = MBProgressHUD.m; sourceTree = "<group>"; };
		CE75AB381AB93EE200599179 /* README.mdown */ = {isa = PBXFileReference; fileEncoding = 4; lastKnownFileType = net.daringfireball.markdown; path = README.mdown; sourceTree = "<group>"; };
		CE782E5D1A923CA4000B3E15 /* Restaurant.swift */ = {isa = PBXFileReference; fileEncoding = 4; lastKnownFileType = sourcecode.swift; path = Restaurant.swift; sourceTree = "<group>"; };
		CE782E5F1A95989A000B3E15 /* RestraurantStore.swift */ = {isa = PBXFileReference; fileEncoding = 4; lastKnownFileType = sourcecode.swift; path = RestraurantStore.swift; sourceTree = "<group>"; };
		CE784B581A680D09003A4815 /* MenuTableViewController.swift */ = {isa = PBXFileReference; fileEncoding = 4; lastKnownFileType = sourcecode.swift; path = MenuTableViewController.swift; sourceTree = "<group>"; };
		CE784B5A1A680DF7003A4815 /* MenuStore.swift */ = {isa = PBXFileReference; fileEncoding = 4; lastKnownFileType = sourcecode.swift; path = MenuStore.swift; sourceTree = "<group>"; };
		CE784B5C1A680E02003A4815 /* MenuItem.swift */ = {isa = PBXFileReference; fileEncoding = 4; lastKnownFileType = sourcecode.swift; path = MenuItem.swift; sourceTree = "<group>"; };
		CE784B5E1A681292003A4815 /* SwiftyJSON.swift */ = {isa = PBXFileReference; fileEncoding = 4; lastKnownFileType = sourcecode.swift; name = SwiftyJSON.swift; path = ../SwiftyJSON.swift; sourceTree = "<group>"; };
		CE907ADD1A81DE1100CAB9A5 /* toofast-375w@2x.jpg */ = {isa = PBXFileReference; lastKnownFileType = image.jpeg; path = "toofast-375w@2x.jpg"; sourceTree = "<group>"; };
		CE907AE11A82569B00CAB9A5 /* DrinkCollectionViewController.swift */ = {isa = PBXFileReference; fileEncoding = 4; lastKnownFileType = sourcecode.swift; path = DrinkCollectionViewController.swift; sourceTree = "<group>"; };
		CE907AE31A826CD400CAB9A5 /* starbuck_coffee@2x.jpg */ = {isa = PBXFileReference; lastKnownFileType = image.jpeg; path = "starbuck_coffee@2x.jpg"; sourceTree = "<group>"; };
		CE907AE41A826CD400CAB9A5 /* starbuck_coffee@3x.jpg */ = {isa = PBXFileReference; lastKnownFileType = image.jpeg; path = "starbuck_coffee@3x.jpg"; sourceTree = "<group>"; };
		CEE0D3671A9888E800CAA53D /* MenuTabBarController.swift */ = {isa = PBXFileReference; fileEncoding = 4; lastKnownFileType = sourcecode.swift; path = MenuTabBarController.swift; sourceTree = "<group>"; };
		DF8F96D338B0EEE0FE8F609B /* Pods.release.xcconfig */ = {isa = PBXFileReference; includeInIndex = 1; lastKnownFileType = text.xcconfig; name = Pods.release.xcconfig; path = "Pods/Target Support Files/Pods/Pods.release.xcconfig"; sourceTree = "<group>"; };
/* End PBXFileReference section */

/* Begin PBXFrameworksBuildPhase section */
		CE27DCF31A64108C006CFDC9 /* Frameworks */ = {
			isa = PBXFrameworksBuildPhase;
			buildActionMask = 2147483647;
			files = (
				1C4C6BDF406328825C74D79F /* Pods.framework in Frameworks */,
			);
			runOnlyForDeploymentPostprocessing = 0;
		};
		CE27DD081A64108C006CFDC9 /* Frameworks */ = {
			isa = PBXFrameworksBuildPhase;
			buildActionMask = 2147483647;
			files = (
			);
			runOnlyForDeploymentPostprocessing = 0;
		};
/* End PBXFrameworksBuildPhase section */

/* Begin PBXGroup section */
		134B9EC9DE5F65D849388AF3 /* Pods */ = {
			isa = PBXGroup;
			children = (
				58086E8DCE6C4E9C8B573F92 /* Pods.debug.xcconfig */,
				DF8F96D338B0EEE0FE8F609B /* Pods.release.xcconfig */,
			);
			name = Pods;
			sourceTree = "<group>";
		};
		27A326D12AF78D676371D03F /* Frameworks */ = {
			isa = PBXGroup;
			children = (
				0331B6EE5A568BDE35A2BB5D /* Pods.framework */,
			);
			name = Frameworks;
			sourceTree = "<group>";
		};
		CE10C67B1A885C57007CCA40 /* Model */ = {
			isa = PBXGroup;
			children = (
				CE00E5611AB068D90005B4E5 /* BeaconManager.swift */,
				CE5EB77B1A9B0A44009DB456 /* AccountManager.swift */,
				CE4A7BC51A9238E900400F83 /* ShoppingCartStore.swift */,
				CE782E5F1A95989A000B3E15 /* RestraurantStore.swift */,
				CE782E5D1A923CA4000B3E15 /* Restaurant.swift */,
				CE784B5C1A680E02003A4815 /* MenuItem.swift */,
				CE455CEB1A9DC2FB007B8B96 /* myLib.swift */,
			);
			name = Model;
			sourceTree = "<group>";
		};
		CE10C67C1A885C66007CCA40 /* Controller */ = {
			isa = PBXGroup;
			children = (
				CE27DCFB1A64108C006CFDC9 /* AppDelegate.swift */,
				CE430EF21A8BAAE800B5C7FC /* CartViewController.swift */,
				CE17DFDE1A7A013A0066A5BA /* RestaurantTableViewController.swift */,
				CEE0D3671A9888E800CAA53D /* MenuTabBarController.swift */,
				CE907AE11A82569B00CAB9A5 /* DrinkCollectionViewController.swift */,
				CE430EEA1A8B08FC00B5C7FC /* LoginViewController.swift */,
				CE430EEC1A8B094400B5C7FC /* RegisterViewController.swift */,
			);
			name = Controller;
			sourceTree = "<group>";
		};
		CE10C67D1A885C7D007CCA40 /* View */ = {
			isa = PBXGroup;
			children = (
				CE4441F41AB986BA0045C99A /* BarButtonItem */,
				CE27DCFF1A64108C006CFDC9 /* Main.storyboard */,
				CE430EEE1A8B0BFE00B5C7FC /* LoginStoryboard.storyboard */,
				CE430EF61A8BAB5600B5C7FC /* CartStoryboard.storyboard */,
				CE27DD041A64108C006CFDC9 /* LaunchScreen.xib */,
				CE27DD021A64108C006CFDC9 /* Images.xcassets */,
				CE158C421A8281AB00D73743 /* MenuCollectionViewCell.swift */,
				CE430EF81A8C591100B5C7FC /* x-button.png */,
				CE430EF01A8B0F1600B5C7FC /* UIView+IBCornerRadius.swift */,
				CE4A7BB91A91F57B00400F83 /* UIImage+Crop.swift */,
				CE430EFA1A8CA10900B5C7FC /* OrderReadyNotificationView.xib */,
				CE4A7BB71A91EB0400400F83 /* MenuDetailView.xib */,
			);
			name = View;
			sourceTree = "<group>";
		};
		CE17DFE01A7A0A050066A5BA /* Assets */ = {
			isa = PBXGroup;
			children = (
				CE4A7BC11A92094900400F83 /* boii-drinks-icon@2x.png */,
				CE907AE31A826CD400CAB9A5 /* starbuck_coffee@2x.jpg */,
				CE75AB321AB8959200599179 /* You-Still-Drink-Soda@3x.jpg */,
				CE907AE41A826CD400CAB9A5 /* starbuck_coffee@3x.jpg */,
				CE4A7BBF1A9208DF00400F83 /* boii-food-icon@2x.png */,
				CE907ADD1A81DE1100CAB9A5 /* toofast-375w@2x.jpg */,
				CE17DFE11A7A0A140066A5BA /* toofast.jpg */,
			);
			name = Assets;
			sourceTree = "<group>";
		};
		CE27DCED1A64108C006CFDC9 = {
			isa = PBXGroup;
			children = (
				CE27DCF81A64108C006CFDC9 /* Boii */,
				CE27DD0E1A64108C006CFDC9 /* BoiiTests */,
				CE27DCF71A64108C006CFDC9 /* Products */,
				134B9EC9DE5F65D849388AF3 /* Pods */,
				27A326D12AF78D676371D03F /* Frameworks */,
			);
			sourceTree = "<group>";
		};
		CE27DCF71A64108C006CFDC9 /* Products */ = {
			isa = PBXGroup;
			children = (
				CE27DCF61A64108C006CFDC9 /* Boii.app */,
				CE27DD0B1A64108C006CFDC9 /* BoiiTests.xctest */,
			);
			name = Products;
			sourceTree = "<group>";
		};
		CE27DCF81A64108C006CFDC9 /* Boii */ = {
			isa = PBXGroup;
			children = (
				CE455CED1A9E05FE007B8B96 /* Trash */,
				CE10C67B1A885C57007CCA40 /* Model */,
				CE10C67D1A885C7D007CCA40 /* View */,
				CE10C67C1A885C66007CCA40 /* Controller */,
				CE17DFE01A7A0A050066A5BA /* Assets */,
				CE27DCF91A64108C006CFDC9 /* Supporting Files */,
			);
			path = Boii;
			sourceTree = "<group>";
		};
		CE27DCF91A64108C006CFDC9 /* Supporting Files */ = {
			isa = PBXGroup;
			children = (
				CE75AB341AB93EE200599179 /* MBProgressHUD */,
				CE6158A11A876A440038DB98 /* KLCPopup */,
				CE61589F1A8768FE0038DB98 /* Boii-Bridging-Header.h */,
				CE784B5E1A681292003A4815 /* SwiftyJSON.swift */,
				CE27DCFA1A64108C006CFDC9 /* Info.plist */,
				CE6158A01A8769D90038DB98 /* BoiiPrefixHeader.pch */,
			);
			name = "Supporting Files";
			sourceTree = "<group>";
		};
		CE27DD0E1A64108C006CFDC9 /* BoiiTests */ = {
			isa = PBXGroup;
			children = (
				CE27DD111A64108C006CFDC9 /* BoiiTests.swift */,
				CE27DD0F1A64108C006CFDC9 /* Supporting Files */,
			);
			path = BoiiTests;
			sourceTree = "<group>";
		};
		CE27DD0F1A64108C006CFDC9 /* Supporting Files */ = {
			isa = PBXGroup;
			children = (
				CE27DD101A64108C006CFDC9 /* Info.plist */,
			);
			name = "Supporting Files";
			sourceTree = "<group>";
		};
		CE4441F41AB986BA0045C99A /* BarButtonItem */ = {
			isa = PBXGroup;
			children = (
				CE10C67E1A885CCC007CCA40 /* CartBarButtonItem.swift */,
				CE00E5631AB06B930005B4E5 /* RestaurantShortcutBarButtonItem.swift */,
				CE4441F51AB986D50045C99A /* LogoutBarButtonItem.swift */,
			);
			name = BarButtonItem;
			sourceTree = "<group>";
		};
		CE455CED1A9E05FE007B8B96 /* Trash */ = {
			isa = PBXGroup;
			children = (
				CE784B581A680D09003A4815 /* MenuTableViewController.swift */,
				CE27DCFD1A64108C006CFDC9 /* ViewController.swift */,
				CE784B5A1A680DF7003A4815 /* MenuStore.swift */,
			);
			name = Trash;
			sourceTree = "<group>";
		};
		CE6158A11A876A440038DB98 /* KLCPopup */ = {
			isa = PBXGroup;
			children = (
				CE6158A21A876A440038DB98 /* KLCPopup.h */,
				CE6158A31A876A440038DB98 /* KLCPopup.m */,
			);
			path = KLCPopup;
			sourceTree = "<group>";
		};
		CE75AB341AB93EE200599179 /* MBProgressHUD */ = {
			isa = PBXGroup;
			children = (
				CE75AB351AB93EE200599179 /* LICENSE */,
				CE75AB361AB93EE200599179 /* MBProgressHUD.h */,
				CE75AB371AB93EE200599179 /* MBProgressHUD.m */,
				CE75AB381AB93EE200599179 /* README.mdown */,
			);
			path = MBProgressHUD;
			sourceTree = "<group>";
		};
/* End PBXGroup section */

/* Begin PBXNativeTarget section */
		CE27DCF51A64108C006CFDC9 /* Boii */ = {
			isa = PBXNativeTarget;
			buildConfigurationList = CE27DD151A64108C006CFDC9 /* Build configuration list for PBXNativeTarget "Boii" */;
			buildPhases = (
				7E21660DFA2E460402A7C4A5 /* Check Pods Manifest.lock */,
				CE27DCF21A64108C006CFDC9 /* Sources */,
				CE27DCF31A64108C006CFDC9 /* Frameworks */,
				CE27DCF41A64108C006CFDC9 /* Resources */,
				2B0CD2E49EACE8F2F286E8BE /* Embed Pods Frameworks */,
				4FD5D435B4D3B4686C6CD1A1 /* Copy Pods Resources */,
			);
			buildRules = (
			);
			dependencies = (
			);
			name = Boii;
			productName = Boii;
			productReference = CE27DCF61A64108C006CFDC9 /* Boii.app */;
			productType = "com.apple.product-type.application";
		};
		CE27DD0A1A64108C006CFDC9 /* BoiiTests */ = {
			isa = PBXNativeTarget;
			buildConfigurationList = CE27DD181A64108C006CFDC9 /* Build configuration list for PBXNativeTarget "BoiiTests" */;
			buildPhases = (
				CE27DD071A64108C006CFDC9 /* Sources */,
				CE27DD081A64108C006CFDC9 /* Frameworks */,
				CE27DD091A64108C006CFDC9 /* Resources */,
			);
			buildRules = (
			);
			dependencies = (
				CE27DD0D1A64108C006CFDC9 /* PBXTargetDependency */,
			);
			name = BoiiTests;
			productName = BoiiTests;
			productReference = CE27DD0B1A64108C006CFDC9 /* BoiiTests.xctest */;
			productType = "com.apple.product-type.bundle.unit-test";
		};
/* End PBXNativeTarget section */

/* Begin PBXProject section */
		CE27DCEE1A64108C006CFDC9 /* Project object */ = {
			isa = PBXProject;
			attributes = {
				LastUpgradeCheck = 0610;
				ORGANIZATIONNAME = "Harin Sanghirun";
				TargetAttributes = {
					CE27DCF51A64108C006CFDC9 = {
						CreatedOnToolsVersion = 6.1.1;
						DevelopmentTeam = FGYKKQ5YG9;
					};
					CE27DD0A1A64108C006CFDC9 = {
						CreatedOnToolsVersion = 6.1.1;
						TestTargetID = CE27DCF51A64108C006CFDC9;
					};
				};
			};
			buildConfigurationList = CE27DCF11A64108C006CFDC9 /* Build configuration list for PBXProject "Boii" */;
			compatibilityVersion = "Xcode 3.2";
			developmentRegion = English;
			hasScannedForEncodings = 0;
			knownRegions = (
				en,
				Base,
			);
			mainGroup = CE27DCED1A64108C006CFDC9;
			productRefGroup = CE27DCF71A64108C006CFDC9 /* Products */;
			projectDirPath = "";
			projectRoot = "";
			targets = (
				CE27DCF51A64108C006CFDC9 /* Boii */,
				CE27DD0A1A64108C006CFDC9 /* BoiiTests */,
			);
		};
/* End PBXProject section */

/* Begin PBXResourcesBuildPhase section */
		CE27DCF41A64108C006CFDC9 /* Resources */ = {
			isa = PBXResourcesBuildPhase;
			buildActionMask = 2147483647;
			files = (
				CE430EF91A8C591100B5C7FC /* x-button.png in Resources */,
				CE27DD011A64108C006CFDC9 /* Main.storyboard in Resources */,
				CE4A7BB81A91EB0400400F83 /* MenuDetailView.xib in Resources */,
				CE4A7BC21A92094900400F83 /* boii-drinks-icon@2x.png in Resources */,
				CE430EF71A8BAB5600B5C7FC /* CartStoryboard.storyboard in Resources */,
				CE907AE51A826CD400CAB9A5 /* starbuck_coffee@2x.jpg in Resources */,
				CE4A7BC01A9208DF00400F83 /* boii-food-icon@2x.png in Resources */,
				CE430EFB1A8CA10900B5C7FC /* OrderReadyNotificationView.xib in Resources */,
				CE27DD061A64108C006CFDC9 /* LaunchScreen.xib in Resources */,
				CE430EEF1A8B0BFE00B5C7FC /* LoginStoryboard.storyboard in Resources */,
				CE75AB391AB93EE200599179 /* LICENSE in Resources */,
				CE907ADE1A81DE1100CAB9A5 /* toofast-375w@2x.jpg in Resources */,
				CE17DFE21A7A0A140066A5BA /* toofast.jpg in Resources */,
				CE27DD031A64108C006CFDC9 /* Images.xcassets in Resources */,
				CE75AB331AB8959200599179 /* You-Still-Drink-Soda@3x.jpg in Resources */,
				CE907AE61A826CD400CAB9A5 /* starbuck_coffee@3x.jpg in Resources */,
			);
			runOnlyForDeploymentPostprocessing = 0;
		};
		CE27DD091A64108C006CFDC9 /* Resources */ = {
			isa = PBXResourcesBuildPhase;
			buildActionMask = 2147483647;
			files = (
			);
			runOnlyForDeploymentPostprocessing = 0;
		};
/* End PBXResourcesBuildPhase section */

/* Begin PBXShellScriptBuildPhase section */
		2B0CD2E49EACE8F2F286E8BE /* Embed Pods Frameworks */ = {
			isa = PBXShellScriptBuildPhase;
			buildActionMask = 2147483647;
			files = (
			);
			inputPaths = (
			);
			name = "Embed Pods Frameworks";
			outputPaths = (
			);
			runOnlyForDeploymentPostprocessing = 0;
			shellPath = /bin/sh;
			shellScript = "\"${SRCROOT}/Pods/Target Support Files/Pods/Pods-frameworks.sh\"\n";
			showEnvVarsInLog = 0;
		};
		4FD5D435B4D3B4686C6CD1A1 /* Copy Pods Resources */ = {
			isa = PBXShellScriptBuildPhase;
			buildActionMask = 2147483647;
			files = (
			);
			inputPaths = (
			);
			name = "Copy Pods Resources";
			outputPaths = (
			);
			runOnlyForDeploymentPostprocessing = 0;
			shellPath = /bin/sh;
			shellScript = "\"${SRCROOT}/Pods/Target Support Files/Pods/Pods-resources.sh\"\n";
			showEnvVarsInLog = 0;
		};
		7E21660DFA2E460402A7C4A5 /* Check Pods Manifest.lock */ = {
			isa = PBXShellScriptBuildPhase;
			buildActionMask = 2147483647;
			files = (
			);
			inputPaths = (
			);
			name = "Check Pods Manifest.lock";
			outputPaths = (
			);
			runOnlyForDeploymentPostprocessing = 0;
			shellPath = /bin/sh;
			shellScript = "diff \"${PODS_ROOT}/../Podfile.lock\" \"${PODS_ROOT}/Manifest.lock\" > /dev/null\nif [[ $? != 0 ]] ; then\n    cat << EOM\nerror: The sandbox is not in sync with the Podfile.lock. Run 'pod install' or update your CocoaPods installation.\nEOM\n    exit 1\nfi\n";
			showEnvVarsInLog = 0;
		};
/* End PBXShellScriptBuildPhase section */

/* Begin PBXSourcesBuildPhase section */
		CE27DCF21A64108C006CFDC9 /* Sources */ = {
			isa = PBXSourcesBuildPhase;
			buildActionMask = 2147483647;
			files = (
				CE75AB3B1AB93EE200599179 /* README.mdown in Sources */,
				CE4A7BBA1A91F57B00400F83 /* UIImage+Crop.swift in Sources */,
				CE782E601A95989A000B3E15 /* RestraurantStore.swift in Sources */,
				CE10C67F1A885CCC007CCA40 /* CartBarButtonItem.swift in Sources */,
				CE5EB77C1A9B0A44009DB456 /* AccountManager.swift in Sources */,
				CE6158A51A876A880038DB98 /* BoiiPrefixHeader.pch in Sources */,
				CE784B5B1A680DF7003A4815 /* MenuStore.swift in Sources */,
				CE6158A41A876A440038DB98 /* KLCPopup.m in Sources */,
				CE907AE21A82569B00CAB9A5 /* DrinkCollectionViewController.swift in Sources */,
				CE158C431A8281AB00D73743 /* MenuCollectionViewCell.swift in Sources */,
				CE75AB3A1AB93EE200599179 /* MBProgressHUD.m in Sources */,
				CE00E5621AB068D90005B4E5 /* BeaconManager.swift in Sources */,
				CE27DCFE1A64108C006CFDC9 /* ViewController.swift in Sources */,
				CE17DFDF1A7A013A0066A5BA /* RestaurantTableViewController.swift in Sources */,
				CE430EF11A8B0F1600B5C7FC /* UIView+IBCornerRadius.swift in Sources */,
				CE27DCFC1A64108C006CFDC9 /* AppDelegate.swift in Sources */,
				CE4A7BC61A9238E900400F83 /* ShoppingCartStore.swift in Sources */,
				CEE0D3681A9888E800CAA53D /* MenuTabBarController.swift in Sources */,
				CE4441F61AB986D50045C99A /* LogoutBarButtonItem.swift in Sources */,
				CE430EED1A8B094400B5C7FC /* RegisterViewController.swift in Sources */,
				CE784B5F1A681292003A4815 /* SwiftyJSON.swift in Sources */,
				CE782E5E1A923CA4000B3E15 /* Restaurant.swift in Sources */,
				CE430EF41A8BAAE800B5C7FC /* CartViewController.swift in Sources */,
				CE784B591A680D09003A4815 /* MenuTableViewController.swift in Sources */,
				CE430EEB1A8B08FC00B5C7FC /* LoginViewController.swift in Sources */,
				CE00E5641AB06B930005B4E5 /* RestaurantShortcutBarButtonItem.swift in Sources */,
				CE455CEC1A9DC2FB007B8B96 /* myLib.swift in Sources */,
				CE784B5D1A680E02003A4815 /* MenuItem.swift in Sources */,
			);
			runOnlyForDeploymentPostprocessing = 0;
		};
		CE27DD071A64108C006CFDC9 /* Sources */ = {
			isa = PBXSourcesBuildPhase;
			buildActionMask = 2147483647;
			files = (
				CE27DD121A64108C006CFDC9 /* BoiiTests.swift in Sources */,
			);
			runOnlyForDeploymentPostprocessing = 0;
		};
/* End PBXSourcesBuildPhase section */

/* Begin PBXTargetDependency section */
		CE27DD0D1A64108C006CFDC9 /* PBXTargetDependency */ = {
			isa = PBXTargetDependency;
			target = CE27DCF51A64108C006CFDC9 /* Boii */;
			targetProxy = CE27DD0C1A64108C006CFDC9 /* PBXContainerItemProxy */;
		};
/* End PBXTargetDependency section */

/* Begin PBXVariantGroup section */
		CE27DCFF1A64108C006CFDC9 /* Main.storyboard */ = {
			isa = PBXVariantGroup;
			children = (
				CE27DD001A64108C006CFDC9 /* Base */,
			);
			name = Main.storyboard;
			sourceTree = "<group>";
		};
		CE27DD041A64108C006CFDC9 /* LaunchScreen.xib */ = {
			isa = PBXVariantGroup;
			children = (
				CE27DD051A64108C006CFDC9 /* Base */,
			);
			name = LaunchScreen.xib;
			sourceTree = "<group>";
		};
/* End PBXVariantGroup section */

/* Begin XCBuildConfiguration section */
		CE27DD131A64108C006CFDC9 /* Debug */ = {
			isa = XCBuildConfiguration;
			buildSettings = {
				ALWAYS_SEARCH_USER_PATHS = NO;
				CLANG_CXX_LANGUAGE_STANDARD = "gnu++0x";
				CLANG_CXX_LIBRARY = "libc++";
				CLANG_ENABLE_MODULES = YES;
				CLANG_ENABLE_OBJC_ARC = YES;
				CLANG_WARN_BOOL_CONVERSION = YES;
				CLANG_WARN_CONSTANT_CONVERSION = YES;
				CLANG_WARN_DIRECT_OBJC_ISA_USAGE = YES_ERROR;
				CLANG_WARN_EMPTY_BODY = YES;
				CLANG_WARN_ENUM_CONVERSION = YES;
				CLANG_WARN_INT_CONVERSION = YES;
				CLANG_WARN_OBJC_ROOT_CLASS = YES_ERROR;
				CLANG_WARN_UNREACHABLE_CODE = YES;
				CLANG_WARN__DUPLICATE_METHOD_MATCH = YES;
				"CODE_SIGN_IDENTITY[sdk=iphoneos*]" = "iPhone Developer";
				COPY_PHASE_STRIP = NO;
				ENABLE_STRICT_OBJC_MSGSEND = YES;
				GCC_C_LANGUAGE_STANDARD = gnu99;
				GCC_DYNAMIC_NO_PIC = NO;
				GCC_OPTIMIZATION_LEVEL = 0;
				GCC_PREPROCESSOR_DEFINITIONS = (
					"DEBUG=1",
					"$(inherited)",
				);
				GCC_SYMBOLS_PRIVATE_EXTERN = NO;
				GCC_WARN_64_TO_32_BIT_CONVERSION = YES;
				GCC_WARN_ABOUT_RETURN_TYPE = YES_ERROR;
				GCC_WARN_UNDECLARED_SELECTOR = YES;
				GCC_WARN_UNINITIALIZED_AUTOS = YES_AGGRESSIVE;
				GCC_WARN_UNUSED_FUNCTION = YES;
				GCC_WARN_UNUSED_VARIABLE = YES;
				IPHONEOS_DEPLOYMENT_TARGET = 8.1;
				MTL_ENABLE_DEBUG_INFO = YES;
				ONLY_ACTIVE_ARCH = YES;
				SDKROOT = iphoneos;
				SWIFT_OPTIMIZATION_LEVEL = "-Onone";
				TARGETED_DEVICE_FAMILY = "1,2";
			};
			name = Debug;
		};
		CE27DD141A64108C006CFDC9 /* Release */ = {
			isa = XCBuildConfiguration;
			buildSettings = {
				ALWAYS_SEARCH_USER_PATHS = NO;
				CLANG_CXX_LANGUAGE_STANDARD = "gnu++0x";
				CLANG_CXX_LIBRARY = "libc++";
				CLANG_ENABLE_MODULES = YES;
				CLANG_ENABLE_OBJC_ARC = YES;
				CLANG_WARN_BOOL_CONVERSION = YES;
				CLANG_WARN_CONSTANT_CONVERSION = YES;
				CLANG_WARN_DIRECT_OBJC_ISA_USAGE = YES_ERROR;
				CLANG_WARN_EMPTY_BODY = YES;
				CLANG_WARN_ENUM_CONVERSION = YES;
				CLANG_WARN_INT_CONVERSION = YES;
				CLANG_WARN_OBJC_ROOT_CLASS = YES_ERROR;
				CLANG_WARN_UNREACHABLE_CODE = YES;
				CLANG_WARN__DUPLICATE_METHOD_MATCH = YES;
				"CODE_SIGN_IDENTITY[sdk=iphoneos*]" = "iPhone Developer";
				COPY_PHASE_STRIP = YES;
				ENABLE_NS_ASSERTIONS = NO;
				ENABLE_STRICT_OBJC_MSGSEND = YES;
				GCC_C_LANGUAGE_STANDARD = gnu99;
				GCC_WARN_64_TO_32_BIT_CONVERSION = YES;
				GCC_WARN_ABOUT_RETURN_TYPE = YES_ERROR;
				GCC_WARN_UNDECLARED_SELECTOR = YES;
				GCC_WARN_UNINITIALIZED_AUTOS = YES_AGGRESSIVE;
				GCC_WARN_UNUSED_FUNCTION = YES;
				GCC_WARN_UNUSED_VARIABLE = YES;
				IPHONEOS_DEPLOYMENT_TARGET = 8.1;
				MTL_ENABLE_DEBUG_INFO = NO;
				SDKROOT = iphoneos;
				TARGETED_DEVICE_FAMILY = "1,2";
				VALIDATE_PRODUCT = YES;
			};
			name = Release;
		};
		CE27DD161A64108C006CFDC9 /* Debug */ = {
			isa = XCBuildConfiguration;
			baseConfigurationReference = 58086E8DCE6C4E9C8B573F92 /* Pods.debug.xcconfig */;
			buildSettings = {
				ASSETCATALOG_COMPILER_APPICON_NAME = AppIcon;
				CODE_SIGN_IDENTITY = "iPhone Developer";
				"CODE_SIGN_IDENTITY[sdk=iphoneos*]" = "iPhone Developer";
				DEBUG_INFORMATION_FORMAT = dwarf;
				GCC_PRECOMPILE_PREFIX_HEADER = YES;
				GCC_PREFIX_HEADER = "$(SRCROOT)/Boii/BoiiPrefixHeader.pch";
				INFOPLIST_FILE = Boii/Info.plist;
				LD_RUNPATH_SEARCH_PATHS = "$(inherited) @executable_path/Frameworks";
				PRODUCT_NAME = "$(TARGET_NAME)";
				PROVISIONING_PROFILE = "";
				SWIFT_OBJC_BRIDGING_HEADER = "$(SRCROOT)/Boii/Boii-Bridging-Header.h";
			};
			name = Debug;
		};
		CE27DD171A64108C006CFDC9 /* Release */ = {
			isa = XCBuildConfiguration;
			baseConfigurationReference = DF8F96D338B0EEE0FE8F609B /* Pods.release.xcconfig */;
			buildSettings = {
				ASSETCATALOG_COMPILER_APPICON_NAME = AppIcon;
				CODE_SIGN_IDENTITY = "iPhone Developer";
				"CODE_SIGN_IDENTITY[sdk=iphoneos*]" = "iPhone Developer";
				DEBUG_INFORMATION_FORMAT = dwarf;
				GCC_PRECOMPILE_PREFIX_HEADER = YES;
				GCC_PREFIX_HEADER = "$(SRCROOT)/Boii/BoiiPrefixHeader.pch";
				INFOPLIST_FILE = Boii/Info.plist;
				LD_RUNPATH_SEARCH_PATHS = "$(inherited) @executable_path/Frameworks";
				PRODUCT_NAME = "$(TARGET_NAME)";
				PROVISIONING_PROFILE = "";
				SWIFT_OBJC_BRIDGING_HEADER = "$(SRCROOT)/Boii/Boii-Bridging-Header.h";
			};
			name = Release;
		};
		CE27DD191A64108C006CFDC9 /* Debug */ = {
			isa = XCBuildConfiguration;
			buildSettings = {
				BUNDLE_LOADER = "$(TEST_HOST)";
				FRAMEWORK_SEARCH_PATHS = (
					"$(SDKROOT)/Developer/Library/Frameworks",
					"$(inherited)",
				);
				GCC_PREPROCESSOR_DEFINITIONS = (
					"DEBUG=1",
					"$(inherited)",
				);
				INFOPLIST_FILE = BoiiTests/Info.plist;
				LD_RUNPATH_SEARCH_PATHS = "$(inherited) @executable_path/Frameworks @loader_path/Frameworks";
				PRODUCT_NAME = "$(TARGET_NAME)";
				TEST_HOST = "$(BUILT_PRODUCTS_DIR)/Boii.app/Boii";
			};
			name = Debug;
		};
		CE27DD1A1A64108C006CFDC9 /* Release */ = {
			isa = XCBuildConfiguration;
			buildSettings = {
				BUNDLE_LOADER = "$(TEST_HOST)";
				FRAMEWORK_SEARCH_PATHS = (
					"$(SDKROOT)/Developer/Library/Frameworks",
					"$(inherited)",
				);
				INFOPLIST_FILE = BoiiTests/Info.plist;
				LD_RUNPATH_SEARCH_PATHS = "$(inherited) @executable_path/Frameworks @loader_path/Frameworks";
				PRODUCT_NAME = "$(TARGET_NAME)";
				TEST_HOST = "$(BUILT_PRODUCTS_DIR)/Boii.app/Boii";
			};
			name = Release;
		};
/* End XCBuildConfiguration section */

/* Begin XCConfigurationList section */
		CE27DCF11A64108C006CFDC9 /* Build configuration list for PBXProject "Boii" */ = {
			isa = XCConfigurationList;
			buildConfigurations = (
				CE27DD131A64108C006CFDC9 /* Debug */,
				CE27DD141A64108C006CFDC9 /* Release */,
			);
			defaultConfigurationIsVisible = 0;
			defaultConfigurationName = Release;
		};
		CE27DD151A64108C006CFDC9 /* Build configuration list for PBXNativeTarget "Boii" */ = {
			isa = XCConfigurationList;
			buildConfigurations = (
				CE27DD161A64108C006CFDC9 /* Debug */,
				CE27DD171A64108C006CFDC9 /* Release */,
			);
			defaultConfigurationIsVisible = 0;
			defaultConfigurationName = Release;
		};
		CE27DD181A64108C006CFDC9 /* Build configuration list for PBXNativeTarget "BoiiTests" */ = {
			isa = XCConfigurationList;
			buildConfigurations = (
				CE27DD191A64108C006CFDC9 /* Debug */,
				CE27DD1A1A64108C006CFDC9 /* Release */,
			);
			defaultConfigurationIsVisible = 0;
			defaultConfigurationName = Release;
		};
/* End XCConfigurationList section */
	};
	rootObject = CE27DCEE1A64108C006CFDC9 /* Project object */;
}
